
Microsoft Visual Studio Solution File, Format Version 12.00
# Visual Studio Version 17
VisualStudioVersion = 17.3.32929.385
MinimumVisualStudioVersion = 10.0.40219.1
Project("{8BC9CEB8-8B4A-11D0-8D11-00A0C91BC942}") = "PathingAlgorithm", "PathingAlgorithm.vcxproj", "{5DE332BE-DFD1-4FE3-AA37-2997A3C1C387}"
EndProject
Global
	GlobalSection(SolutionConfigurationPlatforms) = preSolution
		Debug|x64 = Debug|x64
		Debug|x86 = Debug|x86
		Release|x64 = Release|x64
		Release|x86 = Release|x86
	EndGlobalSection
	GlobalSection(ProjectConfigurationPlatforms) = postSolution
		{5DE332BE-DFD1-4FE3-AA37-2997A3C1C387}.Debug|x64.ActiveCfg = Debug|x64
		{5DE332BE-DFD1-4FE3-AA37-2997A3C1C387}.Debug|x64.Build.0 = Debug|x64
		{5DE332BE-DFD1-4FE3-AA37-2997A3C1C387}.Debug|x86.ActiveCfg = Debug|Win32
		{5DE332BE-DFD1-4FE3-AA37-2997A3C1C387}.Debug|x86.Build.0 = Debug|Win32
		{5DE332BE-DFD1-4FE3-AA37-2997A3C1C387}.Release|x64.ActiveCfg = Release|x64
		{5DE332BE-DFD1-4FE3-AA37-2997A3C1C387}.Release|x64.Build.0 = Release|x64
		{5DE332BE-DFD1-4FE3-AA37-2997A3C1C387}.Release|x86.ActiveCfg = Release|Win32
		{5DE332BE-DFD1-4FE3-AA37-2997A3C1C387}.Release|x86.Build.0 = Release|Win32
	EndGlobalSection
	GlobalSection(SolutionProperties) = preSolution
		HideSolutionNode = FALSE
	EndGlobalSection
	GlobalSection(ExtensibilityGlobals) = postSolution
		SolutionGuid = {075E0DF7-4718-41D7-9198-822BE2C50540}
	EndGlobalSection
EndGlobal
